// !$*UTF8*$!
{
	archiveVersion = 1;
	classes = {
	};
	objectVersion = 46;
	objects = {

/* Begin PBXAggregateTarget section */
		"TripServiceKata::TripServiceKataPackageTests::ProductTarget" /* TripServiceKataPackageTests */ = {
			isa = PBXAggregateTarget;
			buildConfigurationList = OBJ_49 /* Build configuration list for PBXAggregateTarget "TripServiceKataPackageTests" */;
			buildPhases = (
			);
			dependencies = (
				OBJ_52 /* PBXTargetDependency */,
			);
			name = TripServiceKataPackageTests;
			productName = TripServiceKataPackageTests;
		};
/* End PBXAggregateTarget section */

/* Begin PBXBuildFile section */
		OBJ_26 /* Package.swift in Sources */ = {isa = PBXBuildFile; fileRef = OBJ_6 /* Package.swift */; };
		OBJ_32 /* TripServiceKataTests.swift in Sources */ = {isa = PBXBuildFile; fileRef = OBJ_17 /* TripServiceKataTests.swift */; };
		OBJ_34 /* TripServiceKata.framework in Frameworks */ = {isa = PBXBuildFile; fileRef = "TripServiceKata::TripServiceKata::Product" /* TripServiceKata.framework */; };
		OBJ_41 /* Trip.swift in Sources */ = {isa = PBXBuildFile; fileRef = OBJ_9 /* Trip.swift */; };
		OBJ_42 /* TripDAO.swift in Sources */ = {isa = PBXBuildFile; fileRef = OBJ_10 /* TripDAO.swift */; };
		OBJ_43 /* TripService.swift in Sources */ = {isa = PBXBuildFile; fileRef = OBJ_11 /* TripService.swift */; };
		OBJ_44 /* TripServiceKataErrorType.swift in Sources */ = {isa = PBXBuildFile; fileRef = OBJ_12 /* TripServiceKataErrorType.swift */; };
		OBJ_45 /* User.swift in Sources */ = {isa = PBXBuildFile; fileRef = OBJ_13 /* User.swift */; };
		OBJ_46 /* UserSession.swift in Sources */ = {isa = PBXBuildFile; fileRef = OBJ_14 /* UserSession.swift */; };
/* End PBXBuildFile section */

/* Begin PBXContainerItemProxy section */
		179BF9721FD40C32000329DD /* PBXContainerItemProxy */ = {
			isa = PBXContainerItemProxy;
			containerPortal = OBJ_1 /* Project object */;
			proxyType = 1;
			remoteGlobalIDString = "TripServiceKata::TripServiceKata";
			remoteInfo = TripServiceKata;
		};
		179BF9731FD40C33000329DD /* PBXContainerItemProxy */ = {
			isa = PBXContainerItemProxy;
			containerPortal = OBJ_1 /* Project object */;
			proxyType = 1;
			remoteGlobalIDString = "TripServiceKata::TripServiceKataTests";
			remoteInfo = TripServiceKataTests;
		};
/* End PBXContainerItemProxy section */

/* Begin PBXFileReference section */
		OBJ_10 /* TripDAO.swift */ = {isa = PBXFileReference; lastKnownFileType = sourcecode.swift; path = TripDAO.swift; sourceTree = "<group>"; };
		OBJ_11 /* TripService.swift */ = {isa = PBXFileReference; lastKnownFileType = sourcecode.swift; path = TripService.swift; sourceTree = "<group>"; };
		OBJ_12 /* TripServiceKataErrorType.swift */ = {isa = PBXFileReference; lastKnownFileType = sourcecode.swift; path = TripServiceKataErrorType.swift; sourceTree = "<group>"; };
		OBJ_13 /* User.swift */ = {isa = PBXFileReference; lastKnownFileType = sourcecode.swift; path = User.swift; sourceTree = "<group>"; };
		OBJ_14 /* UserSession.swift */ = {isa = PBXFileReference; lastKnownFileType = sourcecode.swift; path = UserSession.swift; sourceTree = "<group>"; };
		OBJ_17 /* TripServiceKataTests.swift */ = {isa = PBXFileReference; lastKnownFileType = sourcecode.swift; path = TripServiceKataTests.swift; sourceTree = "<group>"; };
		OBJ_6 /* Package.swift */ = {isa = PBXFileReference; explicitFileType = sourcecode.swift; path = Package.swift; sourceTree = "<group>"; };
		OBJ_9 /* Trip.swift */ = {isa = PBXFileReference; lastKnownFileType = sourcecode.swift; path = Trip.swift; sourceTree = "<group>"; };
		"TripServiceKata::TripServiceKata::Product" /* TripServiceKata.framework */ = {isa = PBXFileReference; explicitFileType = wrapper.framework; path = TripServiceKata.framework; sourceTree = BUILT_PRODUCTS_DIR; };
		"TripServiceKata::TripServiceKataTests::Product" /* TripServiceKataTests.xctest */ = {isa = PBXFileReference; lastKnownFileType = file; path = TripServiceKataTests.xctest; sourceTree = BUILT_PRODUCTS_DIR; };
/* End PBXFileReference section */

/* Begin PBXFrameworksBuildPhase section */
		OBJ_33 /* Frameworks */ = {
			isa = PBXFrameworksBuildPhase;
			buildActionMask = 0;
			files = (
				OBJ_34 /* TripServiceKata.framework in Frameworks */,
			);
			runOnlyForDeploymentPostprocessing = 0;
		};
		OBJ_47 /* Frameworks */ = {
			isa = PBXFrameworksBuildPhase;
			buildActionMask = 0;
			files = (
			);
			runOnlyForDeploymentPostprocessing = 0;
		};
/* End PBXFrameworksBuildPhase section */

/* Begin PBXGroup section */
		OBJ_15 /* Tests */ = {
			isa = PBXGroup;
			children = (
				OBJ_16 /* TripServiceKataTests */,
			);
			name = Tests;
			sourceTree = SOURCE_ROOT;
		};
		OBJ_16 /* TripServiceKataTests */ = {
			isa = PBXGroup;
			children = (
				OBJ_17 /* TripServiceKataTests.swift */,
			);
			name = TripServiceKataTests;
			path = Tests/TripServiceKataTests;
			sourceTree = SOURCE_ROOT;
		};
		OBJ_18 /* Products */ = {
			isa = PBXGroup;
			children = (
				"TripServiceKata::TripServiceKataTests::Product" /* TripServiceKataTests.xctest */,
				"TripServiceKata::TripServiceKata::Product" /* TripServiceKata.framework */,
			);
			name = Products;
			sourceTree = BUILT_PRODUCTS_DIR;
		};
		OBJ_5 /*  */ = {
			isa = PBXGroup;
			children = (
				OBJ_6 /* Package.swift */,
				OBJ_7 /* Sources */,
				OBJ_15 /* Tests */,
				OBJ_18 /* Products */,
			);
			name = "";
			sourceTree = "<group>";
		};
		OBJ_7 /* Sources */ = {
			isa = PBXGroup;
			children = (
				OBJ_8 /* TripServiceKata */,
			);
			name = Sources;
			sourceTree = SOURCE_ROOT;
		};
		OBJ_8 /* TripServiceKata */ = {
			isa = PBXGroup;
			children = (
				OBJ_9 /* Trip.swift */,
				OBJ_10 /* TripDAO.swift */,
				OBJ_11 /* TripService.swift */,
				OBJ_12 /* TripServiceKataErrorType.swift */,
				OBJ_13 /* User.swift */,
				OBJ_14 /* UserSession.swift */,
			);
			name = TripServiceKata;
			path = Sources/TripServiceKata;
			sourceTree = SOURCE_ROOT;
		};
/* End PBXGroup section */

/* Begin PBXNativeTarget section */
		"TripServiceKata::SwiftPMPackageDescription" /* TripServiceKataPackageDescription */ = {
			isa = PBXNativeTarget;
			buildConfigurationList = OBJ_22 /* Build configuration list for PBXNativeTarget "TripServiceKataPackageDescription" */;
			buildPhases = (
				OBJ_25 /* Sources */,
			);
			buildRules = (
			);
			dependencies = (
			);
			name = TripServiceKataPackageDescription;
			productName = TripServiceKataPackageDescription;
			productType = "com.apple.product-type.framework";
		};
		"TripServiceKata::TripServiceKata" /* TripServiceKata */ = {
			isa = PBXNativeTarget;
			buildConfigurationList = OBJ_37 /* Build configuration list for PBXNativeTarget "TripServiceKata" */;
			buildPhases = (
				OBJ_40 /* Sources */,
				OBJ_47 /* Frameworks */,
			);
			buildRules = (
			);
			dependencies = (
			);
			name = TripServiceKata;
			productName = TripServiceKata;
			productReference = "TripServiceKata::TripServiceKata::Product" /* TripServiceKata.framework */;
			productType = "com.apple.product-type.framework";
		};
		"TripServiceKata::TripServiceKataTests" /* TripServiceKataTests */ = {
			isa = PBXNativeTarget;
			buildConfigurationList = OBJ_28 /* Build configuration list for PBXNativeTarget "TripServiceKataTests" */;
			buildPhases = (
				OBJ_31 /* Sources */,
				OBJ_33 /* Frameworks */,
			);
			buildRules = (
			);
			dependencies = (
				OBJ_35 /* PBXTargetDependency */,
			);
			name = TripServiceKataTests;
			productName = TripServiceKataTests;
			productReference = "TripServiceKata::TripServiceKataTests::Product" /* TripServiceKataTests.xctest */;
			productType = "com.apple.product-type.bundle.unit-test";
		};
/* End PBXNativeTarget section */

/* Begin PBXProject section */
		OBJ_1 /* Project object */ = {
			isa = PBXProject;
			attributes = {
				LastUpgradeCheck = 9999;
			};
			buildConfigurationList = OBJ_2 /* Build configuration list for PBXProject "TripServiceKata" */;
			compatibilityVersion = "Xcode 3.2";
			developmentRegion = English;
			hasScannedForEncodings = 0;
			knownRegions = (
				en,
			);
			mainGroup = OBJ_5 /*  */;
			productRefGroup = OBJ_18 /* Products */;
			projectDirPath = "";
			projectRoot = "";
			targets = (
				"TripServiceKata::SwiftPMPackageDescription" /* TripServiceKataPackageDescription */,
				"TripServiceKata::TripServiceKataTests" /* TripServiceKataTests */,
				"TripServiceKata::TripServiceKata" /* TripServiceKata */,
				"TripServiceKata::TripServiceKataPackageTests::ProductTarget" /* TripServiceKataPackageTests */,
			);
		};
/* End PBXProject section */

/* Begin PBXSourcesBuildPhase section */
		OBJ_25 /* Sources */ = {
			isa = PBXSourcesBuildPhase;
			buildActionMask = 0;
			files = (
				OBJ_26 /* Package.swift in Sources */,
			);
			runOnlyForDeploymentPostprocessing = 0;
		};
		OBJ_31 /* Sources */ = {
			isa = PBXSourcesBuildPhase;
			buildActionMask = 0;
			files = (
				OBJ_32 /* TripServiceKataTests.swift in Sources */,
			);
			runOnlyForDeploymentPostprocessing = 0;
		};
		OBJ_40 /* Sources */ = {
			isa = PBXSourcesBuildPhase;
			buildActionMask = 0;
			files = (
				OBJ_41 /* Trip.swift in Sources */,
				OBJ_42 /* TripDAO.swift in Sources */,
				OBJ_43 /* TripService.swift in Sources */,
				OBJ_44 /* TripServiceKataErrorType.swift in Sources */,
				OBJ_45 /* User.swift in Sources */,
				OBJ_46 /* UserSession.swift in Sources */,
			);
			runOnlyForDeploymentPostprocessing = 0;
		};
/* End PBXSourcesBuildPhase section */

/* Begin PBXTargetDependency section */
		OBJ_35 /* PBXTargetDependency */ = {
			isa = PBXTargetDependency;
			target = "TripServiceKata::TripServiceKata" /* TripServiceKata */;
			targetProxy = 179BF9721FD40C32000329DD /* PBXContainerItemProxy */;
		};
		OBJ_52 /* PBXTargetDependency */ = {
			isa = PBXTargetDependency;
			target = "TripServiceKata::TripServiceKataTests" /* TripServiceKataTests */;
			targetProxy = 179BF9731FD40C33000329DD /* PBXContainerItemProxy */;
		};
/* End PBXTargetDependency section */

/* Begin XCBuildConfiguration section */
		OBJ_23 /* Debug */ = {
			isa = XCBuildConfiguration;
			buildSettings = {
				LD = /usr/bin/true;
				OTHER_SWIFT_FLAGS = "-swift-version 4 -I /Applications/Xcode.app/Contents/Developer/Toolchains/XcodeDefault.xctoolchain/usr/lib/swift/pm/4 -target x86_64-apple-macosx10.10 -sdk /Applications/Xcode.app/Contents/Developer/Platforms/MacOSX.platform/Developer/SDKs/MacOSX10.13.sdk";
				SWIFT_VERSION = 4.0;
			};
			name = Debug;
		};
		OBJ_24 /* Release */ = {
			isa = XCBuildConfiguration;
			buildSettings = {
				LD = /usr/bin/true;
				OTHER_SWIFT_FLAGS = "-swift-version 4 -I /Applications/Xcode.app/Contents/Developer/Toolchains/XcodeDefault.xctoolchain/usr/lib/swift/pm/4 -target x86_64-apple-macosx10.10 -sdk /Applications/Xcode.app/Contents/Developer/Platforms/MacOSX.platform/Developer/SDKs/MacOSX10.13.sdk";
				SWIFT_VERSION = 4.0;
			};
			name = Release;
		};
		OBJ_29 /* Debug */ = {
			isa = XCBuildConfiguration;
			buildSettings = {
				EMBEDDED_CONTENT_CONTAINS_SWIFT = YES;
				FRAMEWORK_SEARCH_PATHS = (
					"$(inherited)",
					"$(PLATFORM_DIR)/Developer/Library/Frameworks",
				);
				HEADER_SEARCH_PATHS = "$(inherited)";
				INFOPLIST_FILE = TripServiceKata.xcodeproj/TripServiceKataTests_Info.plist;
				LD_RUNPATH_SEARCH_PATHS = "@loader_path/../Frameworks @loader_path/Frameworks";
				OTHER_LDFLAGS = "$(inherited)";
				OTHER_SWIFT_FLAGS = "$(inherited)";
				SWIFT_VERSION = 4.0;
				TARGET_NAME = TripServiceKataTests;
			};
			name = Debug;
		};
		OBJ_3 /* Debug */ = {
			isa = XCBuildConfiguration;
			buildSettings = {
				CLANG_ENABLE_OBJC_ARC = YES;
				COMBINE_HIDPI_IMAGES = YES;
				COPY_PHASE_STRIP = NO;
				DEBUG_INFORMATION_FORMAT = dwarf;
				DYLIB_INSTALL_NAME_BASE = "@rpath";
				ENABLE_NS_ASSERTIONS = YES;
				GCC_OPTIMIZATION_LEVEL = 0;
				MACOSX_DEPLOYMENT_TARGET = 10.10;
				ONLY_ACTIVE_ARCH = YES;
				OTHER_SWIFT_FLAGS = "-DXcode";
				PRODUCT_NAME = "$(TARGET_NAME)";
				SDKROOT = macosx;
				SUPPORTED_PLATFORMS = "macosx iphoneos iphonesimulator appletvos appletvsimulator watchos watchsimulator";
				SWIFT_ACTIVE_COMPILATION_CONDITIONS = SWIFT_PACKAGE;
				SWIFT_OPTIMIZATION_LEVEL = "-Onone";
				USE_HEADERMAP = NO;
			};
			name = Debug;
		};
		OBJ_30 /* Release */ = {
			isa = XCBuildConfiguration;
			buildSettings = {
				EMBEDDED_CONTENT_CONTAINS_SWIFT = YES;
				FRAMEWORK_SEARCH_PATHS = (
					"$(inherited)",
					"$(PLATFORM_DIR)/Developer/Library/Frameworks",
				);
				HEADER_SEARCH_PATHS = "$(inherited)";
				INFOPLIST_FILE = TripServiceKata.xcodeproj/TripServiceKataTests_Info.plist;
				LD_RUNPATH_SEARCH_PATHS = "@loader_path/../Frameworks @loader_path/Frameworks";
				OTHER_LDFLAGS = "$(inherited)";
				OTHER_SWIFT_FLAGS = "$(inherited)";
				SWIFT_VERSION = 4.0;
				TARGET_NAME = TripServiceKataTests;
			};
			name = Release;
		};
		OBJ_38 /* Debug */ = {
			isa = XCBuildConfiguration;
			buildSettings = {
				ENABLE_TESTABILITY = YES;
				FRAMEWORK_SEARCH_PATHS = (
					"$(inherited)",
					"$(PLATFORM_DIR)/Developer/Library/Frameworks",
				);
				HEADER_SEARCH_PATHS = "$(inherited)";
				INFOPLIST_FILE = TripServiceKata.xcodeproj/TripServiceKata_Info.plist;
				LD_RUNPATH_SEARCH_PATHS = "$(TOOLCHAIN_DIR)/usr/lib/swift/macosx";
				OTHER_LDFLAGS = "$(inherited)";
				OTHER_SWIFT_FLAGS = "$(inherited)";
				PRODUCT_BUNDLE_IDENTIFIER = TripServiceKata;
				PRODUCT_MODULE_NAME = "$(TARGET_NAME:c99extidentifier)";
				PRODUCT_NAME = "$(TARGET_NAME:c99extidentifier)";
				SKIP_INSTALL = YES;
				SWIFT_VERSION = 4.0;
				TARGET_NAME = TripServiceKata;
			};
			name = Debug;
		};
		OBJ_39 /* Release */ = {
			isa = XCBuildConfiguration;
			buildSettings = {
				ENABLE_TESTABILITY = YES;
				FRAMEWORK_SEARCH_PATHS = (
					"$(inherited)",
					"$(PLATFORM_DIR)/Developer/Library/Frameworks",
				);
				HEADER_SEARCH_PATHS = "$(inherited)";
				INFOPLIST_FILE = TripServiceKata.xcodeproj/TripServiceKata_Info.plist;
				LD_RUNPATH_SEARCH_PATHS = "$(TOOLCHAIN_DIR)/usr/lib/swift/macosx";
				OTHER_LDFLAGS = "$(inherited)";
				OTHER_SWIFT_FLAGS = "$(inherited)";
				PRODUCT_BUNDLE_IDENTIFIER = TripServiceKata;
				PRODUCT_MODULE_NAME = "$(TARGET_NAME:c99extidentifier)";
				PRODUCT_NAME = "$(TARGET_NAME:c99extidentifier)";
				SKIP_INSTALL = YES;
				SWIFT_VERSION = 4.0;
				TARGET_NAME = TripServiceKata;
			};
			name = Release;
		};
		OBJ_4 /* Release */ = {
			isa = XCBuildConfiguration;
			buildSettings = {
				CLANG_ENABLE_OBJC_ARC = YES;
				COMBINE_HIDPI_IMAGES = YES;
				COPY_PHASE_STRIP = YES;
				DEBUG_INFORMATION_FORMAT = "dwarf-with-dsym";
				DYLIB_INSTALL_NAME_BASE = "@rpath";
				GCC_OPTIMIZATION_LEVEL = s;
				MACOSX_DEPLOYMENT_TARGET = 10.10;
				OTHER_SWIFT_FLAGS = "-DXcode";
				PRODUCT_NAME = "$(TARGET_NAME)";
				SDKROOT = macosx;
				SUPPORTED_PLATFORMS = "macosx iphoneos iphonesimulator appletvos appletvsimulator watchos watchsimulator";
				SWIFT_ACTIVE_COMPILATION_CONDITIONS = SWIFT_PACKAGE;
				SWIFT_OPTIMIZATION_LEVEL = "-Owholemodule";
				USE_HEADERMAP = NO;
			};
			name = Release;
		};
		OBJ_50 /* Debug */ = {
			isa = XCBuildConfiguration;
			buildSettings = {
			};
			name = Debug;
		};
		OBJ_51 /* Release */ = {
			isa = XCBuildConfiguration;
			buildSettings = {
			};
			name = Release;
		};
/* End XCBuildConfiguration section */

/* Begin XCConfigurationList section */
		OBJ_2 /* Build configuration list for PBXProject "TripServiceKata" */ = {
			isa = XCConfigurationList;
			buildConfigurations = (
				OBJ_3 /* Debug */,
				OBJ_4 /* Release */,
			);
			defaultConfigurationIsVisible = 0;
			defaultConfigurationName = Debug;
		};
		OBJ_22 /* Build configuration list for PBXNativeTarget "TripServiceKataPackageDescription" */ = {
			isa = XCConfigurationList;
			buildConfigurations = (
				OBJ_23 /* Debug */,
				OBJ_24 /* Release */,
			);
			defaultConfigurationIsVisible = 0;
			defaultConfigurationName = Debug;
		};
		OBJ_28 /* Build configuration list for PBXNativeTarget "TripServiceKataTests" */ = {
			isa = XCConfigurationList;
			buildConfigurations = (
				OBJ_29 /* Debug */,
				OBJ_30 /* Release */,
			);
			defaultConfigurationIsVisible = 0;
			defaultConfigurationName = Debug;
		};
		OBJ_37 /* Build configuration list for PBXNativeTarget "TripServiceKata" */ = {
			isa = XCConfigurationList;
			buildConfigurations = (
				OBJ_38 /* Debug */,
				OBJ_39 /* Release */,
			);
			defaultConfigurationIsVisible = 0;
			defaultConfigurationName = Debug;
		};
		OBJ_49 /* Build configuration list for PBXAggregateTarget "TripServiceKataPackageTests" */ = {
			isa = XCConfigurationList;
			buildConfigurations = (
				OBJ_50 /* Debug */,
				OBJ_51 /* Release */,
			);
			defaultConfigurationIsVisible = 0;
			defaultConfigurationName = Debug;
		};
/* End XCConfigurationList section */
	};
	rootObject = OBJ_1 /* Project object */;
}
